
Microsoft Visual Studio Solution File, Format Version 12.00
# Visual Studio Express 2013 for Windows Desktop
VisualStudioVersion = 12.0.31101.0
MinimumVisualStudioVersion = 10.0.40219.1
Project("{8BC9CEB8-8B4A-11D0-8D11-00A0C91BC942}") = "FinalMudd", "FinalMudd\FinalMudd.vcxproj", "{848C1CDF-82E6-4056-A432-938694925482}"
EndProject
Global
	GlobalSection(SolutionConfigurationPlatforms) = preSolution
		Debug|Win32 = Debug|Win32
		Release|Win32 = Release|Win32
	EndGlobalSection
	GlobalSection(ProjectConfigurationPlatforms) = postSolution
		{848C1CDF-82E6-4056-A432-938694925482}.Debug|Win32.ActiveCfg = Debug|Win32
		{848C1CDF-82E6-4056-A432-938694925482}.Debug|Win32.Build.0 = Debug|Win32
		{848C1CDF-82E6-4056-A432-938694925482}.Release|Win32.ActiveCfg = Release|Win32
		{848C1CDF-82E6-4056-A432-938694925482}.Release|Win32.Build.0 = Release|Win32
	EndGlobalSection
	GlobalSection(SolutionProperties) = preSolution
		HideSolutionNode = FALSE
	EndGlobalSection
EndGlobal
